
Microsoft Visual Studio Solution File, Format Version 12.00
# Visual Studio Version 17
VisualStudioVersion = 17.9.34414.90
MinimumVisualStudioVersion = 10.0.40219.1
Project("{9A19103F-16F7-4668-BE54-9A1E7A4F7556}") = "AspNetCore.SwaggerUI.Themes", "src\AspNetCore.SwaggerUI.Themes\AspNetCore.SwaggerUI.Themes.csproj", "{5FC2CEDA-5475-4096-BDEC-1C9BFC933FB8}"
EndProject
Project("{2150E333-8FDC-42A3-9474-1A3956D46DE8}") = "src", "src", "{19896985-FCB0-4EA0-8E5F-FF3902AC13FC}"
EndProject
Project("{2150E333-8FDC-42A3-9474-1A3956D46DE8}") = "samples", "samples", "{FF08B180-6923-46E0-8426-99391CFB47CD}"
EndProject
Project("{2150E333-8FDC-42A3-9474-1A3956D46DE8}") = "build", "build", "{9F3BA92D-50DB-4F90-BAAD-C574A5A5EA6E}"
	ProjectSection(SolutionItems) = preProject
		build\Common.Core.props = build\Common.Core.props
		build\icon.png = build\icon.png
		build\NuGet.props = build\NuGet.props
		build\Versioning.props = build\Versioning.props
	EndProjectSection
EndProject
Project("{9A19103F-16F7-4668-BE54-9A1E7A4F7556}") = "Sample.AspNetCore.SwaggerUI.Swashbuckle", "samples\Sample.AspNetCore.SwaggerUI.Swashbuckle\Sample.AspNetCore.SwaggerUI.Swashbuckle.csproj", "{ED52DF52-839F-4DFE-ABDD-05C8F85D71BC}"
EndProject
Project("{2150E333-8FDC-42A3-9474-1A3956D46DE8}") = "tests", "tests", "{B89F6FD2-68B6-4A70-A070-FF22FE42DDE4}"
EndProject
Project("{9A19103F-16F7-4668-BE54-9A1E7A4F7556}") = "AspNetCore.Swagger.Themes.Tests", "tests\AspNetCore.SwaggerUI.Themes.Tests\AspNetCore.Swagger.Themes.Tests.csproj", "{540CD242-4352-4C39-ADBA-572D2795B160}"
EndProject
Project("{9A19103F-16F7-4668-BE54-9A1E7A4F7556}") = "Sample.AspNetCore.SwaggerUI.NSwag", "samples\Sample.AspNetCore.SwaggerUI.NSwag\Sample.AspNetCore.SwaggerUI.NSwag.csproj", "{E8C376AC-9933-4ECF-92D8-66BC706FD6D0}"
EndProject
Project("{9A19103F-16F7-4668-BE54-9A1E7A4F7556}") = "NSwag.AspNetCore.Themes", "src\NSwag.AspNetCore.Themes\NSwag.AspNetCore.Themes.csproj", "{38614F76-C962-4CDC-9C9D-25469B92CDE2}"
EndProject
Project("{9A19103F-16F7-4668-BE54-9A1E7A4F7556}") = "AspNetCore.Swagger.Themes.Common", "src\AspNetCore.Swagger.Themes.Common\AspNetCore.Swagger.Themes.Common.csproj", "{DCD47D0E-ADD5-4B6A-BDAA-DD6559EB384D}"
EndProject
Global
	GlobalSection(SolutionConfigurationPlatforms) = preSolution
		Debug|Any CPU = Debug|Any CPU
		Release|Any CPU = Release|Any CPU
	EndGlobalSection
	GlobalSection(ProjectConfigurationPlatforms) = postSolution
		{5FC2CEDA-5475-4096-BDEC-1C9BFC933FB8}.Debug|Any CPU.ActiveCfg = Debug|Any CPU
		{5FC2CEDA-5475-4096-BDEC-1C9BFC933FB8}.Debug|Any CPU.Build.0 = Debug|Any CPU
		{5FC2CEDA-5475-4096-BDEC-1C9BFC933FB8}.Release|Any CPU.ActiveCfg = Release|Any CPU
		{5FC2CEDA-5475-4096-BDEC-1C9BFC933FB8}.Release|Any CPU.Build.0 = Release|Any CPU
		{ED52DF52-839F-4DFE-ABDD-05C8F85D71BC}.Debug|Any CPU.ActiveCfg = Debug|Any CPU
		{ED52DF52-839F-4DFE-ABDD-05C8F85D71BC}.Debug|Any CPU.Build.0 = Debug|Any CPU
		{ED52DF52-839F-4DFE-ABDD-05C8F85D71BC}.Release|Any CPU.ActiveCfg = Release|Any CPU
		{ED52DF52-839F-4DFE-ABDD-05C8F85D71BC}.Release|Any CPU.Build.0 = Release|Any CPU
		{540CD242-4352-4C39-ADBA-572D2795B160}.Debug|Any CPU.ActiveCfg = Debug|Any CPU
		{540CD242-4352-4C39-ADBA-572D2795B160}.Debug|Any CPU.Build.0 = Debug|Any CPU
		{540CD242-4352-4C39-ADBA-572D2795B160}.Release|Any CPU.ActiveCfg = Release|Any CPU
		{540CD242-4352-4C39-ADBA-572D2795B160}.Release|Any CPU.Build.0 = Release|Any CPU
		{E8C376AC-9933-4ECF-92D8-66BC706FD6D0}.Debug|Any CPU.ActiveCfg = Debug|Any CPU
		{E8C376AC-9933-4ECF-92D8-66BC706FD6D0}.Debug|Any CPU.Build.0 = Debug|Any CPU
		{E8C376AC-9933-4ECF-92D8-66BC706FD6D0}.Release|Any CPU.ActiveCfg = Release|Any CPU
		{E8C376AC-9933-4ECF-92D8-66BC706FD6D0}.Release|Any CPU.Build.0 = Release|Any CPU
		{38614F76-C962-4CDC-9C9D-25469B92CDE2}.Debug|Any CPU.ActiveCfg = Debug|Any CPU
		{38614F76-C962-4CDC-9C9D-25469B92CDE2}.Debug|Any CPU.Build.0 = Debug|Any CPU
		{38614F76-C962-4CDC-9C9D-25469B92CDE2}.Release|Any CPU.ActiveCfg = Release|Any CPU
		{38614F76-C962-4CDC-9C9D-25469B92CDE2}.Release|Any CPU.Build.0 = Release|Any CPU
		{DCD47D0E-ADD5-4B6A-BDAA-DD6559EB384D}.Debug|Any CPU.ActiveCfg = Debug|Any CPU
		{DCD47D0E-ADD5-4B6A-BDAA-DD6559EB384D}.Debug|Any CPU.Build.0 = Debug|Any CPU
		{DCD47D0E-ADD5-4B6A-BDAA-DD6559EB384D}.Release|Any CPU.ActiveCfg = Release|Any CPU
		{DCD47D0E-ADD5-4B6A-BDAA-DD6559EB384D}.Release|Any CPU.Build.0 = Release|Any CPU
	EndGlobalSection
	GlobalSection(SolutionProperties) = preSolution
		HideSolutionNode = FALSE
	EndGlobalSection
	GlobalSection(NestedProjects) = preSolution
		{5FC2CEDA-5475-4096-BDEC-1C9BFC933FB8} = {19896985-FCB0-4EA0-8E5F-FF3902AC13FC}
		{ED52DF52-839F-4DFE-ABDD-05C8F85D71BC} = {FF08B180-6923-46E0-8426-99391CFB47CD}
		{540CD242-4352-4C39-ADBA-572D2795B160} = {B89F6FD2-68B6-4A70-A070-FF22FE42DDE4}
		{E8C376AC-9933-4ECF-92D8-66BC706FD6D0} = {FF08B180-6923-46E0-8426-99391CFB47CD}
		{38614F76-C962-4CDC-9C9D-25469B92CDE2} = {19896985-FCB0-4EA0-8E5F-FF3902AC13FC}
		{DCD47D0E-ADD5-4B6A-BDAA-DD6559EB384D} = {19896985-FCB0-4EA0-8E5F-FF3902AC13FC}
	EndGlobalSection
	GlobalSection(ExtensibilityGlobals) = postSolution
		SolutionGuid = {660A434B-79DE-4C3F-892C-333338978C59}
	EndGlobalSection
EndGlobal
